
Microsoft Visual Studio Solution File, Format Version 12.00
# Visual Studio Version 17
VisualStudioVersion = 17.0.32112.339
MinimumVisualStudioVersion = 10.0.40219.1
Project("{FAE04EC0-301F-11D3-BF4B-00C04F79EFBC}") = "n01511017_assignment-1_wintor_2022", "n01511017_assignment-1_wintor_2022\n01511017_assignment-1_wintor_2022.csproj", "{1BB5C277-DE6E-431F-9CFB-AD394A4DDF37}"
EndProject
Global
	GlobalSection(SolutionConfigurationPlatforms) = preSolution
		Debug|Any CPU = Debug|Any CPU
		Release|Any CPU = Release|Any CPU
	EndGlobalSection
	GlobalSection(ProjectConfigurationPlatforms) = postSolution
		{1BB5C277-DE6E-431F-9CFB-AD394A4DDF37}.Debug|Any CPU.ActiveCfg = Debug|Any CPU
		{1BB5C277-DE6E-431F-9CFB-AD394A4DDF37}.Debug|Any CPU.Build.0 = Debug|Any CPU
		{1BB5C277-DE6E-431F-9CFB-AD394A4DDF37}.Release|Any CPU.ActiveCfg = Release|Any CPU
		{1BB5C277-DE6E-431F-9CFB-AD394A4DDF37}.Release|Any CPU.Build.0 = Release|Any CPU
	EndGlobalSection
	GlobalSection(SolutionProperties) = preSolution
		HideSolutionNode = FALSE
	EndGlobalSection
	GlobalSection(ExtensibilityGlobals) = postSolution
		SolutionGuid = {C10FDE4C-A98C-4BBC-A57B-4CACE3EAE435}
	EndGlobalSection
EndGlobal
